// !$*UTF8*$!
{
	archiveVersion = 1;
	classes = {
	};
	objectVersion = 46;
	objects = {

/* Begin PBXBuildFile section */
		21FCE5481E2639DD0032F236 /* AppDelegate.swift in Sources */ = {isa = PBXBuildFile; fileRef = 21FCE5471E2639DD0032F236 /* AppDelegate.swift */; };
		21FCE54A1E2639DD0032F236 /* ViewController.swift in Sources */ = {isa = PBXBuildFile; fileRef = 21FCE5491E2639DD0032F236 /* ViewController.swift */; };
		21FCE54D1E2639DD0032F236 /* Main.storyboard in Resources */ = {isa = PBXBuildFile; fileRef = 21FCE54B1E2639DD0032F236 /* Main.storyboard */; };
		21FCE54F1E2639DD0032F236 /* Assets.xcassets in Resources */ = {isa = PBXBuildFile; fileRef = 21FCE54E1E2639DD0032F236 /* Assets.xcassets */; };
		21FCE5521E2639DD0032F236 /* LaunchScreen.storyboard in Resources */ = {isa = PBXBuildFile; fileRef = 21FCE5501E2639DD0032F236 /* LaunchScreen.storyboard */; };
		21FCE55A1E2644590032F236 /* DESIGN.md in Sources */ = {isa = PBXBuildFile; fileRef = 21FCE5591E2644590032F236 /* DESIGN.md */; };
		21FCE55C1E26445F0032F236 /* README.md in Sources */ = {isa = PBXBuildFile; fileRef = 21FCE55B1E26445F0032F236 /* README.md */; };
/* End PBXBuildFile section */

/* Begin PBXFileReference section */
		21FCE5441E2639DD0032F236 /* finalproject.app */ = {isa = PBXFileReference; explicitFileType = wrapper.application; includeInIndex = 0; path = finalproject.app; sourceTree = BUILT_PRODUCTS_DIR; };
		21FCE5471E2639DD0032F236 /* AppDelegate.swift */ = {isa = PBXFileReference; lastKnownFileType = sourcecode.swift; path = AppDelegate.swift; sourceTree = "<group>"; };
		21FCE5491E2639DD0032F236 /* ViewController.swift */ = {isa = PBXFileReference; lastKnownFileType = sourcecode.swift; path = ViewController.swift; sourceTree = "<group>"; };
		21FCE54C1E2639DD0032F236 /* Base */ = {isa = PBXFileReference; lastKnownFileType = file.storyboard; name = Base; path = Base.lproj/Main.storyboard; sourceTree = "<group>"; };
		21FCE54E1E2639DD0032F236 /* Assets.xcassets */ = {isa = PBXFileReference; lastKnownFileType = folder.assetcatalog; path = Assets.xcassets; sourceTree = "<group>"; };
		21FCE5511E2639DD0032F236 /* Base */ = {isa = PBXFileReference; lastKnownFileType = file.storyboard; name = Base; path = Base.lproj/LaunchScreen.storyboard; sourceTree = "<group>"; };
		21FCE5531E2639DD0032F236 /* Info.plist */ = {isa = PBXFileReference; lastKnownFileType = text.plist.xml; path = Info.plist; sourceTree = "<group>"; };
		21FCE5591E2644590032F236 /* DESIGN.md */ = {isa = PBXFileReference; fileEncoding = 4; lastKnownFileType = net.daringfireball.markdown; name = DESIGN.md; path = "../../../Downloads/finalproject_old-master/DESIGN.md"; sourceTree = "<group>"; };
		21FCE55B1E26445F0032F236 /* README.md */ = {isa = PBXFileReference; fileEncoding = 4; lastKnownFileType = net.daringfireball.markdown; name = README.md; path = "../../../Downloads/finalproject_old-master/README.md"; sourceTree = "<group>"; };
/* End PBXFileReference section */

/* Begin PBXFrameworksBuildPhase section */
		21FCE5411E2639DD0032F236 /* Frameworks */ = {
			isa = PBXFrameworksBuildPhase;
			buildActionMask = 2147483647;
			files = (
			);
			runOnlyForDeploymentPostprocessing = 0;
		};
/* End PBXFrameworksBuildPhase section */

/* Begin PBXGroup section */
		21FCE53B1E2639DD0032F236 = {
			isa = PBXGroup;
			children = (
				21FCE55B1E26445F0032F236 /* README.md */,
				21FCE5591E2644590032F236 /* DESIGN.md */,
				21FCE5461E2639DD0032F236 /* finalproject */,
				21FCE5451E2639DD0032F236 /* Products */,
			);
			sourceTree = "<group>";
		};
		21FCE5451E2639DD0032F236 /* Products */ = {
			isa = PBXGroup;
			children = (
				21FCE5441E2639DD0032F236 /* finalproject.app */,
			);
			name = Products;
			sourceTree = "<group>";
		};
		21FCE5461E2639DD0032F236 /* finalproject */ = {
			isa = PBXGroup;
			children = (
				21FCE5471E2639DD0032F236 /* AppDelegate.swift */,
				21FCE5491E2639DD0032F236 /* ViewController.swift */,
				21FCE54B1E2639DD0032F236 /* Main.storyboard */,
				21FCE54E1E2639DD0032F236 /* Assets.xcassets */,
				21FCE5501E2639DD0032F236 /* LaunchScreen.storyboard */,
				21FCE5531E2639DD0032F236 /* Info.plist */,
			);
			path = finalproject;
			sourceTree = "<group>";
		};
/* End PBXGroup section */

/* Begin PBXNativeTarget section */
		21FCE5431E2639DD0032F236 /* finalproject */ = {
			isa = PBXNativeTarget;
			buildConfigurationList = 21FCE5561E2639DD0032F236 /* Build configuration list for PBXNativeTarget "finalproject" */;
			buildPhases = (
				21FCE5401E2639DD0032F236 /* Sources */,
				21FCE5411E2639DD0032F236 /* Frameworks */,
				21FCE5421E2639DD0032F236 /* Resources */,
			);
			buildRules = (
			);
			dependencies = (
			);
			name = finalproject;
			productName = finalproject;
			productReference = 21FCE5441E2639DD0032F236 /* finalproject.app */;
			productType = "com.apple.product-type.application";
		};
/* End PBXNativeTarget section */

/* Begin PBXProject section */
		21FCE53C1E2639DD0032F236 /* Project object */ = {
			isa = PBXProject;
			attributes = {
				LastSwiftUpdateCheck = 0820;
				LastUpgradeCheck = 0820;
				ORGANIZATIONNAME = "Jill de Ron";
				TargetAttributes = {
					21FCE5431E2639DD0032F236 = {
						CreatedOnToolsVersion = 8.2.1;
						DevelopmentTeam = D4DP5K9TQ5;
						ProvisioningStyle = Automatic;
					};
				};
			};
			buildConfigurationList = 21FCE53F1E2639DD0032F236 /* Build configuration list for PBXProject "finalproject" */;
			compatibilityVersion = "Xcode 3.2";
			developmentRegion = English;
			hasScannedForEncodings = 0;
			knownRegions = (
				en,
				Base,
			);
			mainGroup = 21FCE53B1E2639DD0032F236;
			productRefGroup = 21FCE5451E2639DD0032F236 /* Products */;
			projectDirPath = "";
			projectRoot = "";
			targets = (
				21FCE5431E2639DD0032F236 /* finalproject */,
			);
		};
/* End PBXProject section */

/* Begin PBXResourcesBuildPhase section */
		21FCE5421E2639DD0032F236 /* Resources */ = {
			isa = PBXResourcesBuildPhase;
			buildActionMask = 2147483647;
			files = (
				21FCE5521E2639DD0032F236 /* LaunchScreen.storyboard in Resources */,
				21FCE54F1E2639DD0032F236 /* Assets.xcassets in Resources */,
				21FCE54D1E2639DD0032F236 /* Main.storyboard in Resources */,
			);
			runOnlyForDeploymentPostprocessing = 0;
		};
/* End PBXResourcesBuildPhase section */

/* Begin PBXSourcesBuildPhase section */
		21FCE5401E2639DD0032F236 /* Sources */ = {
			isa = PBXSourcesBuildPhase;
			buildActionMask = 2147483647;
			files = (
				21FCE55A1E2644590032F236 /* DESIGN.md in Sources */,
				21FCE54A1E2639DD0032F236 /* ViewController.swift in Sources */,
				21FCE55C1E26445F0032F236 /* README.md in Sources */,
				21FCE5481E2639DD0032F236 /* AppDelegate.swift in Sources */,
			);
			runOnlyForDeploymentPostprocessing = 0;
		};
/* End PBXSourcesBuildPhase section */

/* Begin PBXVariantGroup section */
		21FCE54B1E2639DD0032F236 /* Main.storyboard */ = {
			isa = PBXVariantGroup;
			children = (
				21FCE54C1E2639DD0032F236 /* Base */,
			);
			name = Main.storyboard;
			sourceTree = "<group>";
		};
		21FCE5501E2639DD0032F236 /* LaunchScreen.storyboard */ = {
			isa = PBXVariantGroup;
			children = (
				21FCE5511E2639DD0032F236 /* Base */,
			);
			name = LaunchScreen.storyboard;
			sourceTree = "<group>";
		};
/* End PBXVariantGroup section */

/* Begin XCBuildConfiguration section */
		21FCE5541E2639DD0032F236 /* Debug */ = {
			isa = XCBuildConfiguration;
			buildSettings = {
				ALWAYS_SEARCH_USER_PATHS = NO;
				CLANG_ANALYZER_NONNULL = YES;
				CLANG_CXX_LANGUAGE_STANDARD = "gnu++0x";
				CLANG_CXX_LIBRARY = "libc++";
				CLANG_ENABLE_MODULES = YES;
				CLANG_ENABLE_OBJC_ARC = YES;
				CLANG_WARN_BOOL_CONVERSION = YES;
				CLANG_WARN_CONSTANT_CONVERSION = YES;
				CLANG_WARN_DIRECT_OBJC_ISA_USAGE = YES_ERROR;
				CLANG_WARN_DOCUMENTATION_COMMENTS = YES;
				CLANG_WARN_EMPTY_BODY = YES;
				CLANG_WARN_ENUM_CONVERSION = YES;
				CLANG_WARN_INFINITE_RECURSION = YES;
				CLANG_WARN_INT_CONVERSION = YES;
				CLANG_WARN_OBJC_ROOT_CLASS = YES_ERROR;
				CLANG_WARN_SUSPICIOUS_MOVE = YES;
				CLANG_WARN_UNREACHABLE_CODE = YES;
				CLANG_WARN__DUPLICATE_METHOD_MATCH = YES;
				"CODE_SIGN_IDENTITY[sdk=iphoneos*]" = "iPhone Developer";
				COPY_PHASE_STRIP = NO;
				DEBUG_INFORMATION_FORMAT = dwarf;
				ENABLE_STRICT_OBJC_MSGSEND = YES;
				ENABLE_TESTABILITY = YES;
				GCC_C_LANGUAGE_STANDARD = gnu99;
				GCC_DYNAMIC_NO_PIC = NO;
				GCC_NO_COMMON_BLOCKS = YES;
				GCC_OPTIMIZATION_LEVEL = 0;
				GCC_PREPROCESSOR_DEFINITIONS = (
					"DEBUG=1",
					"$(inherited)",
				);
				GCC_WARN_64_TO_32_BIT_CONVERSION = YES;
				GCC_WARN_ABOUT_RETURN_TYPE = YES_ERROR;
				GCC_WARN_UNDECLARED_SELECTOR = YES;
				GCC_WARN_UNINITIALIZED_AUTOS = YES_AGGRESSIVE;
				GCC_WARN_UNUSED_FUNCTION = YES;
				GCC_WARN_UNUSED_VARIABLE = YES;
				IPHONEOS_DEPLOYMENT_TARGET = 10.2;
				MTL_ENABLE_DEBUG_INFO = YES;
				ONLY_ACTIVE_ARCH = YES;
				SDKROOT = iphoneos;
				SWIFT_ACTIVE_COMPILATION_CONDITIONS = DEBUG;
				SWIFT_OPTIMIZATION_LEVEL = "-Onone";
				TARGETED_DEVICE_FAMILY = "1,2";
			};
			name = Debug;
		};
		21FCE5551E2639DD0032F236 /* Release */ = {
			isa = XCBuildConfiguration;
			buildSettings = {
				ALWAYS_SEARCH_USER_PATHS = NO;
				CLANG_ANALYZER_NONNULL = YES;
				CLANG_CXX_LANGUAGE_STANDARD = "gnu++0x";
				CLANG_CXX_LIBRARY = "libc++";
				CLANG_ENABLE_MODULES = YES;
				CLANG_ENABLE_OBJC_ARC = YES;
				CLANG_WARN_BOOL_CONVERSION = YES;
				CLANG_WARN_CONSTANT_CONVERSION = YES;
				CLANG_WARN_DIRECT_OBJC_ISA_USAGE = YES_ERROR;
				CLANG_WARN_DOCUMENTATION_COMMENTS = YES;
				CLANG_WARN_EMPTY_BODY = YES;
				CLANG_WARN_ENUM_CONVERSION = YES;
				CLANG_WARN_INFINITE_RECURSION = YES;
				CLANG_WARN_INT_CONVERSION = YES;
				CLANG_WARN_OBJC_ROOT_CLASS = YES_ERROR;
				CLANG_WARN_SUSPICIOUS_MOVE = YES;
				CLANG_WARN_UNREACHABLE_CODE = YES;
				CLANG_WARN__DUPLICATE_METHOD_MATCH = YES;
				"CODE_SIGN_IDENTITY[sdk=iphoneos*]" = "iPhone Developer";
				COPY_PHASE_STRIP = NO;
				DEBUG_INFORMATION_FORMAT = "dwarf-with-dsym";
				ENABLE_NS_ASSERTIONS = NO;
				ENABLE_STRICT_OBJC_MSGSEND = YES;
				GCC_C_LANGUAGE_STANDARD = gnu99;
				GCC_NO_COMMON_BLOCKS = YES;
				GCC_WARN_64_TO_32_BIT_CONVERSION = YES;
				GCC_WARN_ABOUT_RETURN_TYPE = YES_ERROR;
				GCC_WARN_UNDECLARED_SELECTOR = YES;
				GCC_WARN_UNINITIALIZED_AUTOS = YES_AGGRESSIVE;
				GCC_WARN_UNUSED_FUNCTION = YES;
				GCC_WARN_UNUSED_VARIABLE = YES;
				IPHONEOS_DEPLOYMENT_TARGET = 10.2;
				MTL_ENABLE_DEBUG_INFO = NO;
				SDKROOT = iphoneos;
				SWIFT_OPTIMIZATION_LEVEL = "-Owholemodule";
				TARGETED_DEVICE_FAMILY = "1,2";
				VALIDATE_PRODUCT = YES;
			};
			name = Release;
		};
		21FCE5571E2639DD0032F236 /* Debug */ = {
			isa = XCBuildConfiguration;
			buildSettings = {
				ASSETCATALOG_COMPILER_APPICON_NAME = AppIcon;
				DEVELOPMENT_TEAM = D4DP5K9TQ5;
				INFOPLIST_FILE = finalproject/Info.plist;
				LD_RUNPATH_SEARCH_PATHS = "$(inherited) @executable_path/Frameworks";
				PRODUCT_BUNDLE_IDENTIFIER = mprog.nl.finalproject;
				PRODUCT_NAME = "$(TARGET_NAME)";
				SWIFT_VERSION = 3.0;
			};
			name = Debug;
		};
		21FCE5581E2639DD0032F236 /* Release */ = {
			isa = XCBuildConfiguration;
			buildSettings = {
				ASSETCATALOG_COMPILER_APPICON_NAME = AppIcon;
				DEVELOPMENT_TEAM = D4DP5K9TQ5;
				INFOPLIST_FILE = finalproject/Info.plist;
				LD_RUNPATH_SEARCH_PATHS = "$(inherited) @executable_path/Frameworks";
				PRODUCT_BUNDLE_IDENTIFIER = mprog.nl.finalproject;
				PRODUCT_NAME = "$(TARGET_NAME)";
				SWIFT_VERSION = 3.0;
			};
			name = Release;
		};
/* End XCBuildConfiguration section */

/* Begin XCConfigurationList section */
		21FCE53F1E2639DD0032F236 /* Build configuration list for PBXProject "finalproject" */ = {
			isa = XCConfigurationList;
			buildConfigurations = (
				21FCE5541E2639DD0032F236 /* Debug */,
				21FCE5551E2639DD0032F236 /* Release */,
			);
			defaultConfigurationIsVisible = 0;
			defaultConfigurationName = Release;
		};
		21FCE5561E2639DD0032F236 /* Build configuration list for PBXNativeTarget "finalproject" */ = {
			isa = XCConfigurationList;
			buildConfigurations = (
				21FCE5571E2639DD0032F236 /* Debug */,
				21FCE5581E2639DD0032F236 /* Release */,
			);
			defaultConfigurationIsVisible = 0;
		};
/* End XCConfigurationList section */
	};
	rootObject = 21FCE53C1E2639DD0032F236 /* Project object */;
}
